
Microsoft Visual Studio Solution File, Format Version 12.00
# Visual Studio 15
VisualStudioVersion = 15.0.26124.0
MinimumVisualStudioVersion = 15.0.26124.0
Project("{FAE04EC0-301F-11D3-BF4B-00C04F79EFBC}") = "Domain", "Domain\Domain.csproj", "{C048E521-179C-4F99-9E10-9233B644872C}"
EndProject
Project("{FAE04EC0-301F-11D3-BF4B-00C04F79EFBC}") = "Application", "Application\Application.csproj", "{54AD0F1A-F797-46CF-AF1D-E313097F460E}"
EndProject
Project("{FAE04EC0-301F-11D3-BF4B-00C04F79EFBC}") = "Persistence", "Persistence\Persistence.csproj", "{5C26DBAF-EAC5-4E6F-9FDC-EFB08B90EA7B}"
EndProject
Project("{FAE04EC0-301F-11D3-BF4B-00C04F79EFBC}") = "API", "API\API.csproj", "{06E4E546-67DF-427A-972A-B7B34B4B934A}"
EndProject
Global
	GlobalSection(SolutionConfigurationPlatforms) = preSolution
		Debug|Any CPU = Debug|Any CPU
		Debug|x64 = Debug|x64
		Debug|x86 = Debug|x86
		Release|Any CPU = Release|Any CPU
		Release|x64 = Release|x64
		Release|x86 = Release|x86
	EndGlobalSection
	GlobalSection(SolutionProperties) = preSolution
		HideSolutionNode = FALSE
	EndGlobalSection
	GlobalSection(ProjectConfigurationPlatforms) = postSolution
		{C048E521-179C-4F99-9E10-9233B644872C}.Debug|Any CPU.ActiveCfg = Debug|Any CPU
		{C048E521-179C-4F99-9E10-9233B644872C}.Debug|Any CPU.Build.0 = Debug|Any CPU
		{C048E521-179C-4F99-9E10-9233B644872C}.Debug|x64.ActiveCfg = Debug|Any CPU
		{C048E521-179C-4F99-9E10-9233B644872C}.Debug|x64.Build.0 = Debug|Any CPU
		{C048E521-179C-4F99-9E10-9233B644872C}.Debug|x86.ActiveCfg = Debug|Any CPU
		{C048E521-179C-4F99-9E10-9233B644872C}.Debug|x86.Build.0 = Debug|Any CPU
		{C048E521-179C-4F99-9E10-9233B644872C}.Release|Any CPU.ActiveCfg = Release|Any CPU
		{C048E521-179C-4F99-9E10-9233B644872C}.Release|Any CPU.Build.0 = Release|Any CPU
		{C048E521-179C-4F99-9E10-9233B644872C}.Release|x64.ActiveCfg = Release|Any CPU
		{C048E521-179C-4F99-9E10-9233B644872C}.Release|x64.Build.0 = Release|Any CPU
		{C048E521-179C-4F99-9E10-9233B644872C}.Release|x86.ActiveCfg = Release|Any CPU
		{C048E521-179C-4F99-9E10-9233B644872C}.Release|x86.Build.0 = Release|Any CPU
		{54AD0F1A-F797-46CF-AF1D-E313097F460E}.Debug|Any CPU.ActiveCfg = Debug|Any CPU
		{54AD0F1A-F797-46CF-AF1D-E313097F460E}.Debug|Any CPU.Build.0 = Debug|Any CPU
		{54AD0F1A-F797-46CF-AF1D-E313097F460E}.Debug|x64.ActiveCfg = Debug|Any CPU
		{54AD0F1A-F797-46CF-AF1D-E313097F460E}.Debug|x64.Build.0 = Debug|Any CPU
		{54AD0F1A-F797-46CF-AF1D-E313097F460E}.Debug|x86.ActiveCfg = Debug|Any CPU
		{54AD0F1A-F797-46CF-AF1D-E313097F460E}.Debug|x86.Build.0 = Debug|Any CPU
		{54AD0F1A-F797-46CF-AF1D-E313097F460E}.Release|Any CPU.ActiveCfg = Release|Any CPU
		{54AD0F1A-F797-46CF-AF1D-E313097F460E}.Release|Any CPU.Build.0 = Release|Any CPU
		{54AD0F1A-F797-46CF-AF1D-E313097F460E}.Release|x64.ActiveCfg = Release|Any CPU
		{54AD0F1A-F797-46CF-AF1D-E313097F460E}.Release|x64.Build.0 = Release|Any CPU
		{54AD0F1A-F797-46CF-AF1D-E313097F460E}.Release|x86.ActiveCfg = Release|Any CPU
		{54AD0F1A-F797-46CF-AF1D-E313097F460E}.Release|x86.Build.0 = Release|Any CPU
		{5C26DBAF-EAC5-4E6F-9FDC-EFB08B90EA7B}.Debug|Any CPU.ActiveCfg = Debug|Any CPU
		{5C26DBAF-EAC5-4E6F-9FDC-EFB08B90EA7B}.Debug|Any CPU.Build.0 = Debug|Any CPU
		{5C26DBAF-EAC5-4E6F-9FDC-EFB08B90EA7B}.Debug|x64.ActiveCfg = Debug|Any CPU
		{5C26DBAF-EAC5-4E6F-9FDC-EFB08B90EA7B}.Debug|x64.Build.0 = Debug|Any CPU
		{5C26DBAF-EAC5-4E6F-9FDC-EFB08B90EA7B}.Debug|x86.ActiveCfg = Debug|Any CPU
		{5C26DBAF-EAC5-4E6F-9FDC-EFB08B90EA7B}.Debug|x86.Build.0 = Debug|Any CPU
		{5C26DBAF-EAC5-4E6F-9FDC-EFB08B90EA7B}.Release|Any CPU.ActiveCfg = Release|Any CPU
		{5C26DBAF-EAC5-4E6F-9FDC-EFB08B90EA7B}.Release|Any CPU.Build.0 = Release|Any CPU
		{5C26DBAF-EAC5-4E6F-9FDC-EFB08B90EA7B}.Release|x64.ActiveCfg = Release|Any CPU
		{5C26DBAF-EAC5-4E6F-9FDC-EFB08B90EA7B}.Release|x64.Build.0 = Release|Any CPU
		{5C26DBAF-EAC5-4E6F-9FDC-EFB08B90EA7B}.Release|x86.ActiveCfg = Release|Any CPU
		{5C26DBAF-EAC5-4E6F-9FDC-EFB08B90EA7B}.Release|x86.Build.0 = Release|Any CPU
		{06E4E546-67DF-427A-972A-B7B34B4B934A}.Debug|Any CPU.ActiveCfg = Debug|Any CPU
		{06E4E546-67DF-427A-972A-B7B34B4B934A}.Debug|Any CPU.Build.0 = Debug|Any CPU
		{06E4E546-67DF-427A-972A-B7B34B4B934A}.Debug|x64.ActiveCfg = Debug|Any CPU
		{06E4E546-67DF-427A-972A-B7B34B4B934A}.Debug|x64.Build.0 = Debug|Any CPU
		{06E4E546-67DF-427A-972A-B7B34B4B934A}.Debug|x86.ActiveCfg = Debug|Any CPU
		{06E4E546-67DF-427A-972A-B7B34B4B934A}.Debug|x86.Build.0 = Debug|Any CPU
		{06E4E546-67DF-427A-972A-B7B34B4B934A}.Release|Any CPU.ActiveCfg = Release|Any CPU
		{06E4E546-67DF-427A-972A-B7B34B4B934A}.Release|Any CPU.Build.0 = Release|Any CPU
		{06E4E546-67DF-427A-972A-B7B34B4B934A}.Release|x64.ActiveCfg = Release|Any CPU
		{06E4E546-67DF-427A-972A-B7B34B4B934A}.Release|x64.Build.0 = Release|Any CPU
		{06E4E546-67DF-427A-972A-B7B34B4B934A}.Release|x86.ActiveCfg = Release|Any CPU
		{06E4E546-67DF-427A-972A-B7B34B4B934A}.Release|x86.Build.0 = Release|Any CPU
	EndGlobalSection
EndGlobal
